// !$*UTF8*$!
{
	archiveVersion = 1;
	classes = {
	};
	objectVersion = 46;
	objects = {

/* Begin PBXBuildFile section */
		66DAFF7A1BCCAF4100716D72 /* AppDelegate.swift in Sources */ = {isa = PBXBuildFile; fileRef = 66DAFF791BCCAF4100716D72 /* AppDelegate.swift */; };
		66DAFF7C1BCCAF4100716D72 /* ViewController.swift in Sources */ = {isa = PBXBuildFile; fileRef = 66DAFF7B1BCCAF4100716D72 /* ViewController.swift */; };
		66DAFF7F1BCCAF4100716D72 /* Main.storyboard in Resources */ = {isa = PBXBuildFile; fileRef = 66DAFF7D1BCCAF4100716D72 /* Main.storyboard */; };
		66DAFF811BCCAF4100716D72 /* Images.xcassets in Resources */ = {isa = PBXBuildFile; fileRef = 66DAFF801BCCAF4100716D72 /* Images.xcassets */; };
		66DAFF841BCCAF4100716D72 /* LaunchScreen.xib in Resources */ = {isa = PBXBuildFile; fileRef = 66DAFF821BCCAF4100716D72 /* LaunchScreen.xib */; };
		66DAFF901BCCAF4100716D72 /* FirstiOSAppTests.swift in Sources */ = {isa = PBXBuildFile; fileRef = 66DAFF8F1BCCAF4100716D72 /* FirstiOSAppTests.swift */; };
/* End PBXBuildFile section */

/* Begin PBXContainerItemProxy section */
		66DAFF8A1BCCAF4100716D72 /* PBXContainerItemProxy */ = {
			isa = PBXContainerItemProxy;
			containerPortal = 66DAFF6C1BCCAF4100716D72 /* Project object */;
			proxyType = 1;
			remoteGlobalIDString = 66DAFF731BCCAF4100716D72;
			remoteInfo = FirstiOSApp;
		};
/* End PBXContainerItemProxy section */

/* Begin PBXFileReference section */
		66DAFF741BCCAF4100716D72 /* FirstiOSApp.app */ = {isa = PBXFileReference; explicitFileType = wrapper.application; includeInIndex = 0; path = FirstiOSApp.app; sourceTree = BUILT_PRODUCTS_DIR; };
		66DAFF781BCCAF4100716D72 /* Info.plist */ = {isa = PBXFileReference; lastKnownFileType = text.plist.xml; path = Info.plist; sourceTree = "<group>"; };
		66DAFF791BCCAF4100716D72 /* AppDelegate.swift */ = {isa = PBXFileReference; lastKnownFileType = sourcecode.swift; path = AppDelegate.swift; sourceTree = "<group>"; };
		66DAFF7B1BCCAF4100716D72 /* ViewController.swift */ = {isa = PBXFileReference; lastKnownFileType = sourcecode.swift; path = ViewController.swift; sourceTree = "<group>"; };
		66DAFF7E1BCCAF4100716D72 /* Base */ = {isa = PBXFileReference; lastKnownFileType = file.storyboard; name = Base; path = Base.lproj/Main.storyboard; sourceTree = "<group>"; };
		66DAFF801BCCAF4100716D72 /* Images.xcassets */ = {isa = PBXFileReference; lastKnownFileType = folder.assetcatalog; path = Images.xcassets; sourceTree = "<group>"; };
		66DAFF831BCCAF4100716D72 /* Base */ = {isa = PBXFileReference; lastKnownFileType = file.xib; name = Base; path = Base.lproj/LaunchScreen.xib; sourceTree = "<group>"; };
		66DAFF891BCCAF4100716D72 /* FirstiOSAppTests.xctest */ = {isa = PBXFileReference; explicitFileType = wrapper.cfbundle; includeInIndex = 0; path = FirstiOSAppTests.xctest; sourceTree = BUILT_PRODUCTS_DIR; };
		66DAFF8E1BCCAF4100716D72 /* Info.plist */ = {isa = PBXFileReference; lastKnownFileType = text.plist.xml; path = Info.plist; sourceTree = "<group>"; };
		66DAFF8F1BCCAF4100716D72 /* FirstiOSAppTests.swift */ = {isa = PBXFileReference; lastKnownFileType = sourcecode.swift; path = FirstiOSAppTests.swift; sourceTree = "<group>"; };
/* End PBXFileReference section */

/* Begin PBXFrameworksBuildPhase section */
		66DAFF711BCCAF4100716D72 /* Frameworks */ = {
			isa = PBXFrameworksBuildPhase;
			buildActionMask = 2147483647;
			files = (
			);
			runOnlyForDeploymentPostprocessing = 0;
		};
		66DAFF861BCCAF4100716D72 /* Frameworks */ = {
			isa = PBXFrameworksBuildPhase;
			buildActionMask = 2147483647;
			files = (
			);
			runOnlyForDeploymentPostprocessing = 0;
		};
/* End PBXFrameworksBuildPhase section */

/* Begin PBXGroup section */
		66DAFF6B1BCCAF4100716D72 = {
			isa = PBXGroup;
			children = (
				66DAFF761BCCAF4100716D72 /* FirstiOSApp */,
				66DAFF8C1BCCAF4100716D72 /* FirstiOSAppTests */,
				66DAFF751BCCAF4100716D72 /* Products */,
			);
			sourceTree = "<group>";
		};
		66DAFF751BCCAF4100716D72 /* Products */ = {
			isa = PBXGroup;
			children = (
				66DAFF741BCCAF4100716D72 /* FirstiOSApp.app */,
				66DAFF891BCCAF4100716D72 /* FirstiOSAppTests.xctest */,
			);
			name = Products;
			sourceTree = "<group>";
		};
		66DAFF761BCCAF4100716D72 /* FirstiOSApp */ = {
			isa = PBXGroup;
			children = (
				66DAFF791BCCAF4100716D72 /* AppDelegate.swift */,
				66DAFF7B1BCCAF4100716D72 /* ViewController.swift */,
				66DAFF7D1BCCAF4100716D72 /* Main.storyboard */,
				66DAFF801BCCAF4100716D72 /* Images.xcassets */,
				66DAFF821BCCAF4100716D72 /* LaunchScreen.xib */,
				66DAFF771BCCAF4100716D72 /* Supporting Files */,
			);
			path = FirstiOSApp;
			sourceTree = "<group>";
		};
		66DAFF771BCCAF4100716D72 /* Supporting Files */ = {
			isa = PBXGroup;
			children = (
				66DAFF781BCCAF4100716D72 /* Info.plist */,
			);
			name = "Supporting Files";
			sourceTree = "<group>";
		};
		66DAFF8C1BCCAF4100716D72 /* FirstiOSAppTests */ = {
			isa = PBXGroup;
			children = (
				66DAFF8F1BCCAF4100716D72 /* FirstiOSAppTests.swift */,
				66DAFF8D1BCCAF4100716D72 /* Supporting Files */,
			);
			path = FirstiOSAppTests;
			sourceTree = "<group>";
		};
		66DAFF8D1BCCAF4100716D72 /* Supporting Files */ = {
			isa = PBXGroup;
			children = (
				66DAFF8E1BCCAF4100716D72 /* Info.plist */,
			);
			name = "Supporting Files";
			sourceTree = "<group>";
		};
/* End PBXGroup section */

/* Begin PBXNativeTarget section */
		66DAFF731BCCAF4100716D72 /* FirstiOSApp */ = {
			isa = PBXNativeTarget;
			buildConfigurationList = 66DAFF931BCCAF4100716D72 /* Build configuration list for PBXNativeTarget "FirstiOSApp" */;
			buildPhases = (
				66DAFF701BCCAF4100716D72 /* Sources */,
				66DAFF711BCCAF4100716D72 /* Frameworks */,
				66DAFF721BCCAF4100716D72 /* Resources */,
			);
			buildRules = (
			);
			dependencies = (
			);
			name = FirstiOSApp;
			productName = FirstiOSApp;
			productReference = 66DAFF741BCCAF4100716D72 /* FirstiOSApp.app */;
			productType = "com.apple.product-type.application";
		};
		66DAFF881BCCAF4100716D72 /* FirstiOSAppTests */ = {
			isa = PBXNativeTarget;
			buildConfigurationList = 66DAFF961BCCAF4100716D72 /* Build configuration list for PBXNativeTarget "FirstiOSAppTests" */;
			buildPhases = (
				66DAFF851BCCAF4100716D72 /* Sources */,
				66DAFF861BCCAF4100716D72 /* Frameworks */,
				66DAFF871BCCAF4100716D72 /* Resources */,
			);
			buildRules = (
			);
			dependencies = (
				66DAFF8B1BCCAF4100716D72 /* PBXTargetDependency */,
			);
			name = FirstiOSAppTests;
			productName = FirstiOSAppTests;
			productReference = 66DAFF891BCCAF4100716D72 /* FirstiOSAppTests.xctest */;
			productType = "com.apple.product-type.bundle.unit-test";
		};
/* End PBXNativeTarget section */

/* Begin PBXProject section */
		66DAFF6C1BCCAF4100716D72 /* Project object */ = {
			isa = PBXProject;
			attributes = {
				LastUpgradeCheck = 0800;
				ORGANIZATIONNAME = "川崎 隆介";
				TargetAttributes = {
					66DAFF731BCCAF4100716D72 = {
						CreatedOnToolsVersion = 6.4;
						LastSwiftMigration = 0810;
					};
					66DAFF881BCCAF4100716D72 = {
						CreatedOnToolsVersion = 6.4;
						LastSwiftMigration = 0810;
						TestTargetID = 66DAFF731BCCAF4100716D72;
					};
				};
			};
			buildConfigurationList = 66DAFF6F1BCCAF4100716D72 /* Build configuration list for PBXProject "FirstiOSApp" */;
			compatibilityVersion = "Xcode 3.2";
			developmentRegion = English;
			hasScannedForEncodings = 0;
			knownRegions = (
				en,
				Base,
			);
			mainGroup = 66DAFF6B1BCCAF4100716D72;
			productRefGroup = 66DAFF751BCCAF4100716D72 /* Products */;
			projectDirPath = "";
			projectRoot = "";
			targets = (
				66DAFF731BCCAF4100716D72 /* FirstiOSApp */,
				66DAFF881BCCAF4100716D72 /* FirstiOSAppTests */,
			);
		};
/* End PBXProject section */

/* Begin PBXResourcesBuildPhase section */
		66DAFF721BCCAF4100716D72 /* Resources */ = {
			isa = PBXResourcesBuildPhase;
			buildActionMask = 2147483647;
			files = (
				66DAFF7F1BCCAF4100716D72 /* Main.storyboard in Resources */,
				66DAFF841BCCAF4100716D72 /* LaunchScreen.xib in Resources */,
				66DAFF811BCCAF4100716D72 /* Images.xcassets in Resources */,
			);
			runOnlyForDeploymentPostprocessing = 0;
		};
		66DAFF871BCCAF4100716D72 /* Resources */ = {
			isa = PBXResourcesBuildPhase;
			buildActionMask = 2147483647;
			files = (
			);
			runOnlyForDeploymentPostprocessing = 0;
		};
/* End PBXResourcesBuildPhase section */

/* Begin PBXSourcesBuildPhase section */
		66DAFF701BCCAF4100716D72 /* Sources */ = {
			isa = PBXSourcesBuildPhase;
			buildActionMask = 2147483647;
			files = (
				66DAFF7C1BCCAF4100716D72 /* ViewController.swift in Sources */,
				66DAFF7A1BCCAF4100716D72 /* AppDelegate.swift in Sources */,
			);
			runOnlyForDeploymentPostprocessing = 0;
		};
		66DAFF851BCCAF4100716D72 /* Sources */ = {
			isa = PBXSourcesBuildPhase;
			buildActionMask = 2147483647;
			files = (
				66DAFF901BCCAF4100716D72 /* FirstiOSAppTests.swift in Sources */,
			);
			runOnlyForDeploymentPostprocessing = 0;
		};
/* End PBXSourcesBuildPhase section */

/* Begin PBXTargetDependency section */
		66DAFF8B1BCCAF4100716D72 /* PBXTargetDependency */ = {
			isa = PBXTargetDependency;
			target = 66DAFF731BCCAF4100716D72 /* FirstiOSApp */;
			targetProxy = 66DAFF8A1BCCAF4100716D72 /* PBXContainerItemProxy */;
		};
/* End PBXTargetDependency section */

/* Begin PBXVariantGroup section */
		66DAFF7D1BCCAF4100716D72 /* Main.storyboard */ = {
			isa = PBXVariantGroup;
			children = (
				66DAFF7E1BCCAF4100716D72 /* Base */,
			);
			name = Main.storyboard;
			sourceTree = "<group>";
		};
		66DAFF821BCCAF4100716D72 /* LaunchScreen.xib */ = {
			isa = PBXVariantGroup;
			children = (
				66DAFF831BCCAF4100716D72 /* Base */,
			);
			name = LaunchScreen.xib;
			sourceTree = "<group>";
		};
/* End PBXVariantGroup section */

/* Begin XCBuildConfiguration section */
		66DAFF911BCCAF4100716D72 /* Debug */ = {
			isa = XCBuildConfiguration;
			buildSettings = {
				ALWAYS_SEARCH_USER_PATHS = NO;
				CLANG_CXX_LANGUAGE_STANDARD = "gnu++0x";
				CLANG_CXX_LIBRARY = "libc++";
				CLANG_ENABLE_MODULES = YES;
				CLANG_ENABLE_OBJC_ARC = YES;
				CLANG_WARN_BOOL_CONVERSION = YES;
				CLANG_WARN_CONSTANT_CONVERSION = YES;
				CLANG_WARN_DIRECT_OBJC_ISA_USAGE = YES_ERROR;
				CLANG_WARN_EMPTY_BODY = YES;
				CLANG_WARN_ENUM_CONVERSION = YES;
				CLANG_WARN_INFINITE_RECURSION = YES;
				CLANG_WARN_INT_CONVERSION = YES;
				CLANG_WARN_OBJC_ROOT_CLASS = YES_ERROR;
				CLANG_WARN_SUSPICIOUS_MOVE = YES;
				CLANG_WARN_UNREACHABLE_CODE = YES;
				CLANG_WARN__DUPLICATE_METHOD_MATCH = YES;
				"CODE_SIGN_IDENTITY[sdk=iphoneos*]" = "iPhone Developer";
				COPY_PHASE_STRIP = NO;
				DEBUG_INFORMATION_FORMAT = "dwarf-with-dsym";
				ENABLE_STRICT_OBJC_MSGSEND = YES;
				ENABLE_TESTABILITY = YES;
				GCC_C_LANGUAGE_STANDARD = gnu99;
				GCC_DYNAMIC_NO_PIC = NO;
				GCC_NO_COMMON_BLOCKS = YES;
				GCC_OPTIMIZATION_LEVEL = 0;
				GCC_PREPROCESSOR_DEFINITIONS = (
					"DEBUG=1",
					"$(inherited)",
				);
				GCC_SYMBOLS_PRIVATE_EXTERN = NO;
				GCC_WARN_64_TO_32_BIT_CONVERSION = YES;
				GCC_WARN_ABOUT_RETURN_TYPE = YES_ERROR;
				GCC_WARN_UNDECLARED_SELECTOR = YES;
				GCC_WARN_UNINITIALIZED_AUTOS = YES_AGGRESSIVE;
				GCC_WARN_UNUSED_FUNCTION = YES;
				GCC_WARN_UNUSED_VARIABLE = YES;
				IPHONEOS_DEPLOYMENT_TARGET = 8.4;
				MTL_ENABLE_DEBUG_INFO = YES;
				ONLY_ACTIVE_ARCH = YES;
				SDKROOT = iphoneos;
				SWIFT_OPTIMIZATION_LEVEL = "-Onone";
			};
			name = Debug;
		};
		66DAFF921BCCAF4100716D72 /* Release */ = {
			isa = XCBuildConfiguration;
			buildSettings = {
				ALWAYS_SEARCH_USER_PATHS = NO;
				CLANG_CXX_LANGUAGE_STANDARD = "gnu++0x";
				CLANG_CXX_LIBRARY = "libc++";
				CLANG_ENABLE_MODULES = YES;
				CLANG_ENABLE_OBJC_ARC = YES;
				CLANG_WARN_BOOL_CONVERSION = YES;
				CLANG_WARN_CONSTANT_CONVERSION = YES;
				CLANG_WARN_DIRECT_OBJC_ISA_USAGE = YES_ERROR;
				CLANG_WARN_EMPTY_BODY = YES;
				CLANG_WARN_ENUM_CONVERSION = YES;
				CLANG_WARN_INFINITE_RECURSION = YES;
				CLANG_WARN_INT_CONVERSION = YES;
				CLANG_WARN_OBJC_ROOT_CLASS = YES_ERROR;
				CLANG_WARN_SUSPICIOUS_MOVE = YES;
				CLANG_WARN_UNREACHABLE_CODE = YES;
				CLANG_WARN__DUPLICATE_METHOD_MATCH = YES;
				"CODE_SIGN_IDENTITY[sdk=iphoneos*]" = "iPhone Developer";
				COPY_PHASE_STRIP = NO;
				DEBUG_INFORMATION_FORMAT = "dwarf-with-dsym";
				ENABLE_NS_ASSERTIONS = NO;
				ENABLE_STRICT_OBJC_MSGSEND = YES;
				GCC_C_LANGUAGE_STANDARD = gnu99;
				GCC_NO_COMMON_BLOCKS = YES;
				GCC_WARN_64_TO_32_BIT_CONVERSION = YES;
				GCC_WARN_ABOUT_RETURN_TYPE = YES_ERROR;
				GCC_WARN_UNDECLARED_SELECTOR = YES;
				GCC_WARN_UNINITIALIZED_AUTOS = YES_AGGRESSIVE;
				GCC_WARN_UNUSED_FUNCTION = YES;
				GCC_WARN_UNUSED_VARIABLE = YES;
				IPHONEOS_DEPLOYMENT_TARGET = 8.4;
				MTL_ENABLE_DEBUG_INFO = NO;
				SDKROOT = iphoneos;
				SWIFT_OPTIMIZATION_LEVEL = "-Owholemodule";
				VALIDATE_PRODUCT = YES;
			};
			name = Release;
		};
		66DAFF941BCCAF4100716D72 /* Debug */ = {
			isa = XCBuildConfiguration;
			buildSettings = {
				ASSETCATALOG_COMPILER_APPICON_NAME = AppIcon;
				INFOPLIST_FILE = FirstiOSApp/Info.plist;
				LD_RUNPATH_SEARCH_PATHS = "$(inherited) @executable_path/Frameworks";
				PRODUCT_BUNDLE_IDENTIFIER = "com.codable.$(PRODUCT_NAME:rfc1034identifier)";
				PRODUCT_NAME = "$(TARGET_NAME)";
				SWIFT_VERSION = 3.0;
			};
			name = Debug;
		};
		66DAFF951BCCAF4100716D72 /* Release */ = {
			isa = XCBuildConfiguration;
			buildSettings = {
				ASSETCATALOG_COMPILER_APPICON_NAME = AppIcon;
				INFOPLIST_FILE = FirstiOSApp/Info.plist;
				LD_RUNPATH_SEARCH_PATHS = "$(inherited) @executable_path/Frameworks";
				PRODUCT_BUNDLE_IDENTIFIER = "com.codable.$(PRODUCT_NAME:rfc1034identifier)";
				PRODUCT_NAME = "$(TARGET_NAME)";
				SWIFT_VERSION = 3.0;
			};
			name = Release;
		};
		66DAFF971BCCAF4100716D72 /* Debug */ = {
			isa = XCBuildConfiguration;
			buildSettings = {
				BUNDLE_LOADER = "$(TEST_HOST)";
				FRAMEWORK_SEARCH_PATHS = (
					"$(SDKROOT)/Developer/Library/Frameworks",
					"$(inherited)",
				);
				GCC_PREPROCESSOR_DEFINITIONS = (
					"DEBUG=1",
					"$(inherited)",
				);
				INFOPLIST_FILE = FirstiOSAppTests/Info.plist;
				LD_RUNPATH_SEARCH_PATHS = "$(inherited) @executable_path/Frameworks @loader_path/Frameworks";
				PRODUCT_BUNDLE_IDENTIFIER = "com.codable.$(PRODUCT_NAME:rfc1034identifier)";
				PRODUCT_NAME = "$(TARGET_NAME)";
				SWIFT_VERSION = 3.0;
				TEST_HOST = "$(BUILT_PRODUCTS_DIR)/FirstiOSApp.app/FirstiOSApp";
			};
			name = Debug;
		};
		66DAFF981BCCAF4100716D72 /* Release */ = {
			isa = XCBuildConfiguration;
			buildSettings = {
				BUNDLE_LOADER = "$(TEST_HOST)";
				FRAMEWORK_SEARCH_PATHS = (
					"$(SDKROOT)/Developer/Library/Frameworks",
					"$(inherited)",
				);
				INFOPLIST_FILE = FirstiOSAppTests/Info.plist;
				LD_RUNPATH_SEARCH_PATHS = "$(inherited) @executable_path/Frameworks @loader_path/Frameworks";
				PRODUCT_BUNDLE_IDENTIFIER = "com.codable.$(PRODUCT_NAME:rfc1034identifier)";
				PRODUCT_NAME = "$(TARGET_NAME)";
				SWIFT_VERSION = 3.0;
				TEST_HOST = "$(BUILT_PRODUCTS_DIR)/FirstiOSApp.app/FirstiOSApp";
			};
			name = Release;
		};
/* End XCBuildConfiguration section */

/* Begin XCConfigurationList section */
		66DAFF6F1BCCAF4100716D72 /* Build configuration list for PBXProject "FirstiOSApp" */ = {
			isa = XCConfigurationList;
			buildConfigurations = (
				66DAFF911BCCAF4100716D72 /* Debug */,
				66DAFF921BCCAF4100716D72 /* Release */,
			);
			defaultConfigurationIsVisible = 0;
			defaultConfigurationName = Release;
		};
		66DAFF931BCCAF4100716D72 /* Build configuration list for PBXNativeTarget "FirstiOSApp" */ = {
			isa = XCConfigurationList;
			buildConfigurations = (
				66DAFF941BCCAF4100716D72 /* Debug */,
				66DAFF951BCCAF4100716D72 /* Release */,
			);
			defaultConfigurationIsVisible = 0;
			defaultConfigurationName = Release;
		};
		66DAFF961BCCAF4100716D72 /* Build configuration list for PBXNativeTarget "FirstiOSAppTests" */ = {
			isa = XCConfigurationList;
			buildConfigurations = (
				66DAFF971BCCAF4100716D72 /* Debug */,
				66DAFF981BCCAF4100716D72 /* Release */,
			);
			defaultConfigurationIsVisible = 0;
			defaultConfigurationName = Release;
		};
/* End XCConfigurationList section */
	};
	rootObject = 66DAFF6C1BCCAF4100716D72 /* Project object */;
}
